{
  "name": "spa-core-resources",
  "requires": true,
  "lockfileVersion": 1,
  "dependencies": {
    "import-map-overrides": {
      "version": "1.14.3",
      "resolved": "https://registry.npmjs.org/import-map-overrides/-/import-map-overrides-1.14.3.tgz",
      "integrity": "sha512-h2TNVfQlILCt6N6hOkdRPIOcnKTdBORUueX8JM06Jyn7rYsh9tIrhQZYpiW65sqfHBrh3gH3bc+VfH1XtwkdTg=="
    },
    "systemjs": {
      "version": "6.3.0",
      "resolved": "https://registry.npmjs.org/systemjs/-/systemjs-6.3.0.tgz",
      "integrity": "sha512-+7CkkMP0PbrW5//dIKNHp8NiMWcQseV4KFV0YNfSyIeLkBHWjC2dpBcbDIn28kvS3ilstnWfcf2kFmHYt2aqQA=="
    }
  }
}
