{
  "name": "spa-core-resources",
  "requires": true,
  "lockfileVersion": 1,
  "dependencies": {
    "import-map-overrides": {
      "version": "1.9.1",
      "resolved": "https://registry.npmjs.org/import-map-overrides/-/import-map-overrides-1.9.1.tgz",
      "integrity": "sha512-youbMd+L0ayUhRxfm8fh0qmfM9uh14gD/32gF8ena318t7UkdTmnKWqUgfYMIUNB5zhfAfTnZGpPdQCPStHpzQ=="
    },
    "systemjs": {
      "version": "6.1.7",
      "resolved": "https://registry.npmjs.org/systemjs/-/systemjs-6.1.7.tgz",
      "integrity": "sha512-v2tDs5HV7Ql8iZd7eBupzTOPIV6OUzNyJ1wNCAlQ7Et73yfQm4dbfQOSNLzcESLY2YEsLbn0K9WAnNsqwK7OFg=="
    }
  }
}
